
Microsoft Visual Studio Solution File, Format Version 12.00
# Visual Studio Version 17
VisualStudioVersion = 17.0.31903.59
MinimumVisualStudioVersion = 10.0.40219.1
Project("{E24C65DC-7377-472B-9ABA-BC803B73C61A}") = "Week5_GiadaPantalone", ".", "{D5838A34-4315-4BFE-987F-724617BD8522}"
	ProjectSection(WebsiteProperties) = preProject
		TargetFrameworkMoniker = ".NETFramework,Version%3Dv4.0"
		Debug.AspNetCompiler.VirtualPath = "/localhost_52730"
		Debug.AspNetCompiler.PhysicalPath = "..\Week5_GiadaPantalone\"
		Debug.AspNetCompiler.TargetPath = "PrecompiledWeb\localhost_52730\"
		Debug.AspNetCompiler.Updateable = "true"
		Debug.AspNetCompiler.ForceOverwrite = "true"
		Debug.AspNetCompiler.FixedNames = "false"
		Debug.AspNetCompiler.Debug = "True"
		Release.AspNetCompiler.VirtualPath = "/localhost_52730"
		Release.AspNetCompiler.PhysicalPath = "..\Week5_GiadaPantalone\"
		Release.AspNetCompiler.TargetPath = "PrecompiledWeb\localhost_52730\"
		Release.AspNetCompiler.Updateable = "true"
		Release.AspNetCompiler.ForceOverwrite = "true"
		Release.AspNetCompiler.FixedNames = "false"
		Release.AspNetCompiler.Debug = "False"
		VWDPort = "52730"
		SlnRelativePath = "..\Week5_GiadaPantalone\"
	EndProjectSection
EndProject
Global
	GlobalSection(SolutionConfigurationPlatforms) = preSolution
		Debug|Any CPU = Debug|Any CPU
	EndGlobalSection
	GlobalSection(ProjectConfigurationPlatforms) = postSolution
		{D5838A34-4315-4BFE-987F-724617BD8522}.Debug|Any CPU.ActiveCfg = Debug|Any CPU
		{D5838A34-4315-4BFE-987F-724617BD8522}.Debug|Any CPU.Build.0 = Debug|Any CPU
	EndGlobalSection
	GlobalSection(SolutionProperties) = preSolution
		HideSolutionNode = FALSE
	EndGlobalSection
	GlobalSection(ExtensibilityGlobals) = postSolution
		SolutionGuid = {167398A9-3774-4FC0-A0B0-1A83477949D5}
	EndGlobalSection
EndGlobal
